
Microsoft Visual Studio Solution File, Format Version 12.00
# Visual Studio Version 16
VisualStudioVersion = 16.0.29709.97
MinimumVisualStudioVersion = 10.0.40219.1
Project("{9A19103F-16F7-4668-BE54-9A1E7A4F7556}") = "DDD.Core.OrderManagement", "DDD.Core.OrderManagement\DDD.Core.OrderManagement.csproj", "{74104014-8A64-4105-AF87-EFDF0895B431}"
EndProject
Project("{9A19103F-16F7-4668-BE54-9A1E7A4F7556}") = "DDD.Core", "DDD.Core\DDD.Core.csproj", "{824A2426-7B17-4C00-BD7F-A46C9150143A}"
EndProject
Project("{9A19103F-16F7-4668-BE54-9A1E7A4F7556}") = "DDD.App", "DDD.App\DDD.App.csproj", "{F5B3512E-6754-4485-9580-B228DC82A1AE}"
EndProject
Project("{9A19103F-16F7-4668-BE54-9A1E7A4F7556}") = "DDD.Core.OrderManagement.BDD", "DDD.Core.OrderManagement.BDD\DDD.Core.OrderManagement.BDD.csproj", "{30DEB821-5009-4DB1-A1B6-C52F1D05CA13}"
EndProject
Project("{9A19103F-16F7-4668-BE54-9A1E7A4F7556}") = "DDD.Adapters.Store", "DDD.Adapters.Store\DDD.Adapters.Store.csproj", "{7968E135-D6EF-4EA9-87F9-A85600F03BBA}"
EndProject
Project("{FAE04EC0-301F-11D3-BF4B-00C04F79EFBC}") = "DDD.Core.OrderManagement.Tests", "DDD.Core.OrderManagement.Tests\DDD.Core.OrderManagement.Tests.csproj", "{28DDDC83-2469-4853-A315-BEE73EBA44EA}"
EndProject
Global
	GlobalSection(SolutionConfigurationPlatforms) = preSolution
		Debug|Any CPU = Debug|Any CPU
		Release|Any CPU = Release|Any CPU
	EndGlobalSection
	GlobalSection(ProjectConfigurationPlatforms) = postSolution
		{74104014-8A64-4105-AF87-EFDF0895B431}.Debug|Any CPU.ActiveCfg = Debug|Any CPU
		{74104014-8A64-4105-AF87-EFDF0895B431}.Debug|Any CPU.Build.0 = Debug|Any CPU
		{74104014-8A64-4105-AF87-EFDF0895B431}.Release|Any CPU.ActiveCfg = Release|Any CPU
		{74104014-8A64-4105-AF87-EFDF0895B431}.Release|Any CPU.Build.0 = Release|Any CPU
		{824A2426-7B17-4C00-BD7F-A46C9150143A}.Debug|Any CPU.ActiveCfg = Debug|Any CPU
		{824A2426-7B17-4C00-BD7F-A46C9150143A}.Debug|Any CPU.Build.0 = Debug|Any CPU
		{824A2426-7B17-4C00-BD7F-A46C9150143A}.Release|Any CPU.ActiveCfg = Release|Any CPU
		{824A2426-7B17-4C00-BD7F-A46C9150143A}.Release|Any CPU.Build.0 = Release|Any CPU
		{F5B3512E-6754-4485-9580-B228DC82A1AE}.Debug|Any CPU.ActiveCfg = Debug|Any CPU
		{F5B3512E-6754-4485-9580-B228DC82A1AE}.Debug|Any CPU.Build.0 = Debug|Any CPU
		{F5B3512E-6754-4485-9580-B228DC82A1AE}.Release|Any CPU.ActiveCfg = Release|Any CPU
		{F5B3512E-6754-4485-9580-B228DC82A1AE}.Release|Any CPU.Build.0 = Release|Any CPU
		{30DEB821-5009-4DB1-A1B6-C52F1D05CA13}.Debug|Any CPU.ActiveCfg = Debug|Any CPU
		{30DEB821-5009-4DB1-A1B6-C52F1D05CA13}.Debug|Any CPU.Build.0 = Debug|Any CPU
		{30DEB821-5009-4DB1-A1B6-C52F1D05CA13}.Release|Any CPU.ActiveCfg = Release|Any CPU
		{30DEB821-5009-4DB1-A1B6-C52F1D05CA13}.Release|Any CPU.Build.0 = Release|Any CPU
		{7968E135-D6EF-4EA9-87F9-A85600F03BBA}.Debug|Any CPU.ActiveCfg = Debug|Any CPU
		{7968E135-D6EF-4EA9-87F9-A85600F03BBA}.Debug|Any CPU.Build.0 = Debug|Any CPU
		{7968E135-D6EF-4EA9-87F9-A85600F03BBA}.Release|Any CPU.ActiveCfg = Release|Any CPU
		{7968E135-D6EF-4EA9-87F9-A85600F03BBA}.Release|Any CPU.Build.0 = Release|Any CPU
		{28DDDC83-2469-4853-A315-BEE73EBA44EA}.Debug|Any CPU.ActiveCfg = Debug|Any CPU
		{28DDDC83-2469-4853-A315-BEE73EBA44EA}.Debug|Any CPU.Build.0 = Debug|Any CPU
		{28DDDC83-2469-4853-A315-BEE73EBA44EA}.Release|Any CPU.ActiveCfg = Release|Any CPU
		{28DDDC83-2469-4853-A315-BEE73EBA44EA}.Release|Any CPU.Build.0 = Release|Any CPU
	EndGlobalSection
	GlobalSection(SolutionProperties) = preSolution
		HideSolutionNode = FALSE
	EndGlobalSection
	GlobalSection(ExtensibilityGlobals) = postSolution
		SolutionGuid = {E3A3ABD2-05A7-42FB-8ADF-50E3FF176F79}
	EndGlobalSection
EndGlobal
